{
  "version": 4,
  "terraform_version": "1.14.8",
  "serial": 15,
  "lineage": "bd4c642b-1f20-1828-be6f-31c23683a1f5",
  "outputs": {
    "backend_despachos_ecr_url": {
      "value": "905417999966.dkr.ecr.us-east-1.amazonaws.com/innovatech-backend-despachos",
      "type": "string"
    },
    "backend_ventas_ecr_url": {
      "value": "905417999966.dkr.ecr.us-east-1.amazonaws.com/innovatech-backend-ventas",
      "type": "string"
    },
    "cluster_endpoint": {
      "value": "https://1F816C622751F96AD39581D46DCFC9B6.gr7.us-east-1.eks.amazonaws.com",
      "type": "string"
    },
    "cluster_name": {
      "value": "innovatech-cluster",
      "type": "string"
    },
    "frontend_ecr_url": {
      "value": "905417999966.dkr.ecr.us-east-1.amazonaws.com/innovatech-frontend",
      "type": "string"
    },
    "security_group_nodes": {
      "value": "sg-0d209b4faee046e01",
      "type": "string"
    },
    "vpc_id": {
      "value": "vpc-0aceed7833ba6aded",
      "type": "string"
    }
  },
  "resources": [
    {
      "mode": "data",
      "type": "aws_iam_role",
      "name": "labrole",
      "provider": "provider[\"registry.terraform.io/hashicorp/aws\"]",
      "instances": [
        {
          "schema_version": 0,
          "attributes": {
            "arn": "arn:aws:iam::905417999966:role/LabRole",
            "assume_role_policy": "{\"Version\":\"2012-10-17\",\"Statement\":[{\"Effect\":\"Allow\",\"Principal\":{\"AWS\":\"arn:aws:iam::905417999966:role/LabRole\",\"Service\":[\"servicecatalog.amazonaws.com\",\"events.amazonaws.com\",\"pipes.amazonaws.com\",\"databrew.amazonaws.com\",\"kinesis.amazonaws.com\",\"firehose.amazonaws.com\",\"elasticfilesystem.amazonaws.com\",\"rekognition.amazonaws.com\",\"elasticloadbalancing.amazonaws.com\",\"application-autoscaling.amazonaws.com\",\"sagemaker.amazonaws.com\",\"elasticmapreduce.amazonaws.com\",\"s3.amazonaws.com\",\"sns.amazonaws.com\",\"iotanalytics.amazonaws.com\",\"codecommit.amazonaws.com\",\"cloudtrail.amazonaws.com\",\"iotevents.amazonaws.com\",\"ssm.amazonaws.com\",\"kms.amazonaws.com\",\"glue.amazonaws.com\",\"deepracer.amazonaws.com\",\"kinesisanalytics.amazonaws.com\",\"eks-fargate-pods.amazonaws.com\",\"dynamodb.amazonaws.com\",\"cognito-idp.amazonaws.com\",\"sqs.amazonaws.com\",\"codewhisperer.amazonaws.com\",\"secretsmanager.amazonaws.com\",\"redshift.amazonaws.com\",\"cloud9.amazonaws.com\",\"logs.amazonaws.com\",\"ecs.amazonaws.com\",\"cloudformation.amazonaws.com\",\"ec2.application-autoscaling.amazonaws.com\",\"eks.amazonaws.com\",\"codedeploy.amazonaws.com\",\"elasticbeanstalk.amazonaws.com\",\"batch.amazonaws.com\",\"resource-groups.amazonaws.com\",\"states.amazonaws.com\",\"autoscaling.amazonaws.com\",\"apigateway.amazonaws.com\",\"ecs-tasks.amazonaws.com\",\"scheduler.amazonaws.com\",\"credentials.iot.amazonaws.com\",\"lambda.amazonaws.com\",\"athena.amazonaws.com\",\"ec2.amazonaws.com\",\"backup.amazonaws.com\",\"iot.amazonaws.com\",\"forecast.amazonaws.com\",\"rds.amazonaws.com\"]},\"Action\":\"sts:AssumeRole\"}]}",
            "create_date": "2026-06-23T06:34:53Z",
            "description": "",
            "id": "LabRole",
            "max_session_duration": 3600,
            "name": "LabRole",
            "path": "/",
            "permissions_boundary": "",
            "role_last_used": [
              {
                "last_used_date": "",
                "region": ""
              }
            ],
            "tags": {
              "cloudlab": "c206632a5262246l14378225t1w905417999966"
            },
            "unique_id": "AROA5FTY6IZPJCQDNSAK7"
          },
          "sensitive_attributes": [],
          "identity_schema_version": 0
        }
      ]
    },
    {
      "mode": "managed",
      "type": "aws_ecr_repository",
      "name": "backend_despachos",
      "provider": "provider[\"registry.terraform.io/hashicorp/aws\"]",
      "instances": [
        {
          "schema_version": 0,
          "attributes": {
            "arn": "arn:aws:ecr:us-east-1:905417999966:repository/innovatech-backend-despachos",
            "encryption_configuration": [
              {
                "encryption_type": "AES256",
                "kms_key": ""
              }
            ],
            "force_delete": true,
            "id": "innovatech-backend-despachos",
            "image_scanning_configuration": [
              {
                "scan_on_push": true
              }
            ],
            "image_tag_mutability": "MUTABLE",
            "name": "innovatech-backend-despachos",
            "registry_id": "905417999966",
            "repository_url": "905417999966.dkr.ecr.us-east-1.amazonaws.com/innovatech-backend-despachos",
            "tags": {
              "Name": "innovatech-backend-despachos"
            },
            "tags_all": {
              "Name": "innovatech-backend-despachos"
            },
            "timeouts": null
          },
          "sensitive_attributes": [],
          "identity_schema_version": 0,
          "private": "eyJlMmJmYjczMC1lY2FhLTExZTYtOGY4OC0zNDM2M2JjN2M0YzAiOnsiZGVsZXRlIjoxMjAwMDAwMDAwMDAwfX0="
        }
      ]
    },
    {
      "mode": "managed",
      "type": "aws_ecr_repository",
      "name": "backend_ventas",
      "provider": "provider[\"registry.terraform.io/hashicorp/aws\"]",
      "instances": [
        {
          "schema_version": 0,
          "attributes": {
            "arn": "arn:aws:ecr:us-east-1:905417999966:repository/innovatech-backend-ventas",
            "encryption_configuration": [
              {
                "encryption_type": "AES256",
                "kms_key": ""
              }
            ],
            "force_delete": true,
            "id": "innovatech-backend-ventas",
            "image_scanning_configuration": [
              {
                "scan_on_push": true
              }
            ],
            "image_tag_mutability": "MUTABLE",
            "name": "innovatech-backend-ventas",
            "registry_id": "905417999966",
            "repository_url": "905417999966.dkr.ecr.us-east-1.amazonaws.com/innovatech-backend-ventas",
            "tags": {
              "Name": "innovatech-backend-ventas"
            },
            "tags_all": {
              "Name": "innovatech-backend-ventas"
            },
            "timeouts": null
          },
          "sensitive_attributes": [],
          "identity_schema_version": 0,
          "private": "eyJlMmJmYjczMC1lY2FhLTExZTYtOGY4OC0zNDM2M2JjN2M0YzAiOnsiZGVsZXRlIjoxMjAwMDAwMDAwMDAwfX0="
        }
      ]
    },
    {
      "mode": "managed",
      "type": "aws_ecr_repository",
      "name": "frontend",
      "provider": "provider[\"registry.terraform.io/hashicorp/aws\"]",
      "instances": [
        {
          "schema_version": 0,
          "attributes": {
            "arn": "arn:aws:ecr:us-east-1:905417999966:repository/innovatech-frontend",
            "encryption_configuration": [
              {
                "encryption_type": "AES256",
                "kms_key": ""
              }
            ],
            "force_delete": true,
            "id": "innovatech-frontend",
            "image_scanning_configuration": [
              {
                "scan_on_push": true
              }
            ],
            "image_tag_mutability": "MUTABLE",
            "name": "innovatech-frontend",
            "registry_id": "905417999966",
            "repository_url": "905417999966.dkr.ecr.us-east-1.amazonaws.com/innovatech-frontend",
            "tags": {
              "Name": "innovatech-frontend"
            },
            "tags_all": {
              "Name": "innovatech-frontend"
            },
            "timeouts": null
          },
          "sensitive_attributes": [],
          "identity_schema_version": 0,
          "private": "eyJlMmJmYjczMC1lY2FhLTExZTYtOGY4OC0zNDM2M2JjN2M0YzAiOnsiZGVsZXRlIjoxMjAwMDAwMDAwMDAwfX0="
        }
      ]
    },
    {
      "mode": "managed",
      "type": "aws_eks_cluster",
      "name": "eks",
      "provider": "provider[\"registry.terraform.io/hashicorp/aws\"]",
      "instances": [
        {
          "schema_version": 1,
          "attributes": {
            "access_config": [
              {
                "authentication_mode": "CONFIG_MAP",
                "bootstrap_cluster_creator_admin_permissions": true
              }
            ],
            "arn": "arn:aws:eks:us-east-1:905417999966:cluster/innovatech-cluster",
            "bootstrap_self_managed_addons": true,
            "certificate_authority": [
              {
                "data": "LS0tLS1CRUdJTiBDRVJUSUZJQ0FURS0tLS0tCk1JSURCVENDQWUyZ0F3SUJBZ0lJU0xFaGlPRFZEdEl3RFFZSktvWklodmNOQVFFTEJRQXdGVEVUTUJFR0ExVUUKQXhNS2EzVmlaWEp1WlhSbGN6QWVGdzB5TmpBMk1qTXdOalU0TkRGYUZ3MHpOakEyTWpBd056QXpOREZhTUJVeApFekFSQmdOVkJBTVRDbXQxWW1WeWJtVjBaWE13Z2dFaU1BMEdDU3FHU0liM0RRRUJBUVVBQTRJQkR3QXdnZ0VLCkFvSUJBUURkVzlCTW9ndUE4R3JJbzlFWk1GYjE4aEduTU5PSUtoY2Rodk9ycTVHb2JyL1VTNjY4YzlKUjhjWksKbHNyaWxPeU03Sk5tRU43dmwzNFc0dEVJc0MrZEhUSU0rNXBqa0tOTlFlcUdiZjlqcmd4ZTZqUWpodncwVGNWKwp3aDhQMUpSWHM3Sy9NWUJhdEVCakErSCtyb1JRckpsL3NmYUhCdE50eGhaZGpIcW41cWV5MXU5U014aGtvRnVOCjFQTFZBZnVCMGpra0VpT29aQXkwOCtyY3pGb3p5YjRySFpTTlBsV1BWWTVad3V0ZnJ2dlozdG8wN0twRFBjbDIKcVpCaGhKcmgxQytaZytaYkg4dFZDRWpMVVJObUJxVFlWUUlpamN5L1VPVGs0dXI3c2ZlVWh1ZVBEekU0VERKVgpBTGR4TERreHFVc3lUQUpuR3NYbldzaUp2MGk5QWdNQkFBR2pXVEJYTUE0R0ExVWREd0VCL3dRRUF3SUNwREFQCkJnTlZIUk1CQWY4RUJUQURBUUgvTUIwR0ExVWREZ1FXQkJTTGtwb1FnTngzSkRJbjJsK1FUaVRoVGRqN2RqQVYKQmdOVkhSRUVEakFNZ2dwcmRXSmxjbTVsZEdWek1BMEdDU3FHU0liM0RRRUJDd1VBQTRJQkFRQzR0cU5Ja0praApzemxwVzArZ3F6MXN0dVN2ZWdJVUgwWTBacDFlZHFNMkZYUm4vcHpDRzRZYnFYUHFxOFV1WVhNSW0xRVRid0Q5ClNOYXQwYi9Td1ZPVklxNm85c05teStDMUxNVlhycjdBWGJtblJVd2NVMjJXNi9QUHAxV01aZVlXV1NQU0ZtMnQKWGVXdkd3bVFmYTM1Mk1FdU9ibEZLL1FjcEhSZlJrN1hHK1hrQnI2TTdFZ3NuSDFtRVBZZjU0RHBGRWcyRkl1LwpRS2VUQ1VtdjdjTFRac2t2cGxPRk5ySnFuUTlGM214RjJybTJMektCd3V0TFBqdnFGaUpQZG9sQzdIWmdVckJ0Cnp0NGFHZ3ZwQ3VtTFNFMDFMOHBJNzNteWM0VCtaS3c5OUtIVHdQbGhrOUppeVpKVTlscVUrRGRLTTlvQ3ZRb3AKZXc3N2REcHFxRC82Ci0tLS0tRU5EIENFUlRJRklDQVRFLS0tLS0K"
              }
            ],
            "cluster_id": null,
            "compute_config": [],
            "created_at": "2026-06-23T06:56:45Z",
            "enabled_cluster_log_types": [
              "api",
              "audit",
              "authenticator",
              "controllerManager",
              "scheduler"
            ],
            "encryption_config": [],
            "endpoint": "https://1F816C622751F96AD39581D46DCFC9B6.gr7.us-east-1.eks.amazonaws.com",
            "force_update_version": null,
            "id": "innovatech-cluster",
            "identity": [
              {
                "oidc": [
                  {
                    "issuer": "https://oidc.eks.us-east-1.amazonaws.com/id/1F816C622751F96AD39581D46DCFC9B6"
                  }
                ]
              }
            ],
            "kubernetes_network_config": [
              {
                "elastic_load_balancing": [
                  {
                    "enabled": false
                  }
                ],
                "ip_family": "ipv4",
                "service_ipv4_cidr": "172.20.0.0/16",
                "service_ipv6_cidr": ""
              }
            ],
            "name": "innovatech-cluster",
            "outpost_config": [],
            "platform_version": "eks.15",
            "remote_network_config": [],
            "role_arn": "arn:aws:iam::905417999966:role/LabRole",
            "status": "ACTIVE",
            "storage_config": [],
            "tags": {
              "Name": "innovatech-cluster"
            },
            "tags_all": {
              "Name": "innovatech-cluster"
            },
            "timeouts": null,
            "upgrade_policy": [
              {
                "support_type": "EXTENDED"
              }
            ],
            "version": "1.35",
            "vpc_config": [
              {
                "cluster_security_group_id": "sg-08336a570ce65acca",
                "endpoint_private_access": true,
                "endpoint_public_access": true,
                "public_access_cidrs": [
                  "0.0.0.0/0"
                ],
                "security_group_ids": [
                  "sg-0d209b4faee046e01"
                ],
                "subnet_ids": [
                  "subnet-0182821952ce59997",
                  "subnet-0985c08ca559fb323"
                ],
                "vpc_id": "vpc-0aceed7833ba6aded"
              }
            ],
            "zonal_shift_config": []
          },
          "sensitive_attributes": [],
          "identity_schema_version": 0,
          "private": "eyJlMmJmYjczMC1lY2FhLTExZTYtOGY4OC0zNDM2M2JjN2M0YzAiOnsiY3JlYXRlIjoxODAwMDAwMDAwMDAwLCJkZWxldGUiOjkwMDAwMDAwMDAwMCwidXBkYXRlIjozNjAwMDAwMDAwMDAwfSwic2NoZW1hX3ZlcnNpb24iOiIxIn0=",
          "dependencies": [
            "aws_security_group.eks_nodes_sg",
            "aws_subnet.eks_subnet_1",
            "aws_subnet.eks_subnet_2",
            "aws_vpc.eks_vpc",
            "data.aws_iam_role.labrole"
          ]
        }
      ]
    },
    {
      "mode": "managed",
      "type": "aws_eks_node_group",
      "name": "workers",
      "provider": "provider[\"registry.terraform.io/hashicorp/aws\"]",
      "instances": [
        {
          "schema_version": 0,
          "attributes": {
            "ami_type": "AL2023_x86_64_STANDARD",
            "arn": "arn:aws:eks:us-east-1:905417999966:nodegroup/innovatech-cluster/workers/b6cf79a7-12fe-12c0-803b-68f8808688f9",
            "capacity_type": "ON_DEMAND",
            "cluster_name": "innovatech-cluster",
            "disk_size": 0,
            "force_update_version": null,
            "id": "innovatech-cluster:workers",
            "instance_types": [
              "t3.medium"
            ],
            "labels": null,
            "launch_template": [
              {
                "id": "lt-0aa9e7d5c31f21ba2",
                "name": "innovatech-workers-20260623065617096000000001",
                "version": "1"
              }
            ],
            "node_group_name": "workers",
            "node_group_name_prefix": "",
            "node_repair_config": [],
            "node_role_arn": "arn:aws:iam::905417999966:role/LabRole",
            "release_version": "1.35.6-20260618",
            "remote_access": [],
            "resources": [
              {
                "autoscaling_groups": [
                  {
                    "name": "eks-workers-b6cf79a7-12fe-12c0-803b-68f8808688f9"
                  }
                ],
                "remote_access_security_group_id": ""
              }
            ],
            "scaling_config": [
              {
                "desired_size": 2,
                "max_size": 4,
                "min_size": 1
              }
            ],
            "status": "ACTIVE",
            "subnet_ids": [
              "subnet-0182821952ce59997",
              "subnet-0985c08ca559fb323"
            ],
            "tags": {
              "Name": "innovatech-workers"
            },
            "tags_all": {
              "Name": "innovatech-workers"
            },
            "taint": [],
            "timeouts": null,
            "update_config": [
              {
                "max_unavailable": 1,
                "max_unavailable_percentage": 0
              }
            ],
            "version": "1.35"
          },
          "sensitive_attributes": [],
          "identity_schema_version": 0,
          "private": "eyJlMmJmYjczMC1lY2FhLTExZTYtOGY4OC0zNDM2M2JjN2M0YzAiOnsiY3JlYXRlIjozNjAwMDAwMDAwMDAwLCJkZWxldGUiOjM2MDAwMDAwMDAwMDAsInVwZGF0ZSI6MzYwMDAwMDAwMDAwMH19",
          "dependencies": [
            "aws_eks_cluster.eks",
            "aws_launch_template.workers_lt",
            "aws_security_group.eks_nodes_sg",
            "aws_subnet.eks_subnet_1",
            "aws_subnet.eks_subnet_2",
            "aws_vpc.eks_vpc",
            "data.aws_iam_role.labrole"
          ]
        }
      ]
    },
    {
      "mode": "managed",
      "type": "aws_internet_gateway",
      "name": "igw",
      "provider": "provider[\"registry.terraform.io/hashicorp/aws\"]",
      "instances": [
        {
          "schema_version": 0,
          "attributes": {
            "arn": "arn:aws:ec2:us-east-1:905417999966:internet-gateway/igw-08bd59293bf051cbe",
            "id": "igw-08bd59293bf051cbe",
            "owner_id": "905417999966",
            "tags": {
              "Name": "innovatech-igw"
            },
            "tags_all": {
              "Name": "innovatech-igw"
            },
            "timeouts": null,
            "vpc_id": "vpc-0aceed7833ba6aded"
          },
          "sensitive_attributes": [],
          "identity_schema_version": 0,
          "private": "eyJlMmJmYjczMC1lY2FhLTExZTYtOGY4OC0zNDM2M2JjN2M0YzAiOnsiY3JlYXRlIjoxMjAwMDAwMDAwMDAwLCJkZWxldGUiOjEyMDAwMDAwMDAwMDAsInVwZGF0ZSI6MTIwMDAwMDAwMDAwMH19",
          "dependencies": [
            "aws_vpc.eks_vpc"
          ]
        }
      ]
    },
    {
      "mode": "managed",
      "type": "aws_launch_template",
      "name": "workers_lt",
      "provider": "provider[\"registry.terraform.io/hashicorp/aws\"]",
      "instances": [
        {
          "schema_version": 0,
          "attributes": {
            "arn": "arn:aws:ec2:us-east-1:905417999966:launch-template/lt-0aa9e7d5c31f21ba2",
            "block_device_mappings": [],
            "capacity_reservation_specification": [],
            "cpu_options": [],
            "credit_specification": [],
            "default_version": 1,
            "description": "",
            "disable_api_stop": false,
            "disable_api_termination": false,
            "ebs_optimized": "",
            "elastic_gpu_specifications": [],
            "elastic_inference_accelerator": [],
            "enclave_options": [],
            "hibernation_options": [],
            "iam_instance_profile": [],
            "id": "lt-0aa9e7d5c31f21ba2",
            "image_id": "",
            "instance_initiated_shutdown_behavior": "",
            "instance_market_options": [],
            "instance_requirements": [],
            "instance_type": "",
            "kernel_id": "",
            "key_name": "",
            "latest_version": 1,
            "license_specification": [],
            "maintenance_options": [],
            "metadata_options": [
              {
                "http_endpoint": "enabled",
                "http_protocol_ipv6": "",
                "http_put_response_hop_limit": 2,
                "http_tokens": "required",
                "instance_metadata_tags": ""
              }
            ],
            "monitoring": [],
            "name": "innovatech-workers-20260623065617096000000001",
            "name_prefix": "innovatech-workers-",
            "network_interfaces": [],
            "placement": [],
            "private_dns_name_options": [],
            "ram_disk_id": "",
            "security_group_names": null,
            "tag_specifications": [
              {
                "resource_type": "instance",
                "tags": {
                  "Name": "innovatech-workers"
                }
              }
            ],
            "tags": null,
            "tags_all": {},
            "update_default_version": null,
            "user_data": "",
            "vpc_security_group_ids": null
          },
          "sensitive_attributes": [],
          "identity_schema_version": 0,
          "private": "bnVsbA=="
        }
      ]
    },
    {
      "mode": "managed",
      "type": "aws_route_table",
      "name": "rt",
      "provider": "provider[\"registry.terraform.io/hashicorp/aws\"]",
      "instances": [
        {
          "schema_version": 0,
          "attributes": {
            "arn": "arn:aws:ec2:us-east-1:905417999966:route-table/rtb-0eb28849847fe0687",
            "id": "rtb-0eb28849847fe0687",
            "owner_id": "905417999966",
            "propagating_vgws": [],
            "route": [
              {
                "carrier_gateway_id": "",
                "cidr_block": "0.0.0.0/0",
                "core_network_arn": "",
                "destination_prefix_list_id": "",
                "egress_only_gateway_id": "",
                "gateway_id": "igw-08bd59293bf051cbe",
                "ipv6_cidr_block": "",
                "local_gateway_id": "",
                "nat_gateway_id": "",
                "network_interface_id": "",
                "transit_gateway_id": "",
                "vpc_endpoint_id": "",
                "vpc_peering_connection_id": ""
              }
            ],
            "tags": {
              "Name": "innovatech-route-table"
            },
            "tags_all": {
              "Name": "innovatech-route-table"
            },
            "timeouts": null,
            "vpc_id": "vpc-0aceed7833ba6aded"
          },
          "sensitive_attributes": [],
          "identity_schema_version": 0,
          "private": "eyJlMmJmYjczMC1lY2FhLTExZTYtOGY4OC0zNDM2M2JjN2M0YzAiOnsiY3JlYXRlIjozMDAwMDAwMDAwMDAsImRlbGV0ZSI6MzAwMDAwMDAwMDAwLCJ1cGRhdGUiOjEyMDAwMDAwMDAwMH19",
          "dependencies": [
            "aws_internet_gateway.igw",
            "aws_vpc.eks_vpc"
          ]
        }
      ]
    },
    {
      "mode": "managed",
      "type": "aws_route_table_association",
      "name": "rta_1",
      "provider": "provider[\"registry.terraform.io/hashicorp/aws\"]",
      "instances": [
        {
          "schema_version": 0,
          "attributes": {
            "gateway_id": "",
            "id": "rtbassoc-0d4ebfb6dcb29bf20",
            "route_table_id": "rtb-0eb28849847fe0687",
            "subnet_id": "subnet-0182821952ce59997",
            "timeouts": null
          },
          "sensitive_attributes": [],
          "identity_schema_version": 0,
          "private": "eyJlMmJmYjczMC1lY2FhLTExZTYtOGY4OC0zNDM2M2JjN2M0YzAiOnsiY3JlYXRlIjozMDAwMDAwMDAwMDAsImRlbGV0ZSI6MzAwMDAwMDAwMDAwLCJ1cGRhdGUiOjEyMDAwMDAwMDAwMH19",
          "dependencies": [
            "aws_internet_gateway.igw",
            "aws_route_table.rt",
            "aws_subnet.eks_subnet_1",
            "aws_vpc.eks_vpc"
          ]
        }
      ]
    },
    {
      "mode": "managed",
      "type": "aws_route_table_association",
      "name": "rta_2",
      "provider": "provider[\"registry.terraform.io/hashicorp/aws\"]",
      "instances": [
        {
          "schema_version": 0,
          "attributes": {
            "gateway_id": "",
            "id": "rtbassoc-0de0878421dc4d92e",
            "route_table_id": "rtb-0eb28849847fe0687",
            "subnet_id": "subnet-0985c08ca559fb323",
            "timeouts": null
          },
          "sensitive_attributes": [],
          "identity_schema_version": 0,
          "private": "eyJlMmJmYjczMC1lY2FhLTExZTYtOGY4OC0zNDM2M2JjN2M0YzAiOnsiY3JlYXRlIjozMDAwMDAwMDAwMDAsImRlbGV0ZSI6MzAwMDAwMDAwMDAwLCJ1cGRhdGUiOjEyMDAwMDAwMDAwMH19",
          "dependencies": [
            "aws_internet_gateway.igw",
            "aws_route_table.rt",
            "aws_subnet.eks_subnet_2",
            "aws_vpc.eks_vpc"
          ]
        }
      ]
    },
    {
      "mode": "managed",
      "type": "aws_security_group",
      "name": "eks_nodes_sg",
      "provider": "provider[\"registry.terraform.io/hashicorp/aws\"]",
      "instances": [
        {
          "schema_version": 1,
          "attributes": {
            "arn": "arn:aws:ec2:us-east-1:905417999966:security-group/sg-0d209b4faee046e01",
            "description": "Security group para nodos EKS",
            "egress": [
              {
                "cidr_blocks": [
                  "0.0.0.0/0"
                ],
                "description": "Salida a internet (para ECR, CloudWatch)",
                "from_port": 0,
                "ipv6_cidr_blocks": [],
                "prefix_list_ids": [],
                "protocol": "-1",
                "security_groups": [],
                "self": false,
                "to_port": 0
              }
            ],
            "id": "sg-0d209b4faee046e01",
            "ingress": [
              {
                "cidr_blocks": [
                  "0.0.0.0/0"
                ],
                "description": "HTTP desde internet (LoadBalancer)",
                "from_port": 80,
                "ipv6_cidr_blocks": [],
                "prefix_list_ids": [],
                "protocol": "tcp",
                "security_groups": [],
                "self": false,
                "to_port": 80
              },
              {
                "cidr_blocks": [
                  "0.0.0.0/0"
                ],
                "description": "NodePort rango para servicios K8s",
                "from_port": 30000,
                "ipv6_cidr_blocks": [],
                "prefix_list_ids": [],
                "protocol": "tcp",
                "security_groups": [],
                "self": false,
                "to_port": 32767
              },
              {
                "cidr_blocks": [],
                "description": "Backend Despachos (ClusterIP interno)",
                "from_port": 8081,
                "ipv6_cidr_blocks": [],
                "prefix_list_ids": [],
                "protocol": "tcp",
                "security_groups": [],
                "self": true,
                "to_port": 8081
              },
              {
                "cidr_blocks": [],
                "description": "Backend Ventas (ClusterIP interno)",
                "from_port": 8080,
                "ipv6_cidr_blocks": [],
                "prefix_list_ids": [],
                "protocol": "tcp",
                "security_groups": [],
                "self": true,
                "to_port": 8080
              },
              {
                "cidr_blocks": [],
                "description": "MySQL (solo trafico interno del cluster)",
                "from_port": 3306,
                "ipv6_cidr_blocks": [],
                "prefix_list_ids": [],
                "protocol": "tcp",
                "security_groups": [],
                "self": true,
                "to_port": 3306
              },
              {
                "cidr_blocks": [],
                "description": "Trafico interno entre nodos",
                "from_port": 0,
                "ipv6_cidr_blocks": [],
                "prefix_list_ids": [],
                "protocol": "-1",
                "security_groups": [],
                "self": true,
                "to_port": 0
              }
            ],
            "name": "innovatech-eks-nodes-sg",
            "name_prefix": "",
            "owner_id": "905417999966",
            "revoke_rules_on_delete": false,
            "tags": {
              "Name": "innovatech-eks-nodes-sg"
            },
            "tags_all": {
              "Name": "innovatech-eks-nodes-sg"
            },
            "timeouts": null,
            "vpc_id": "vpc-0aceed7833ba6aded"
          },
          "sensitive_attributes": [],
          "identity_schema_version": 0,
          "private": "eyJlMmJmYjczMC1lY2FhLTExZTYtOGY4OC0zNDM2M2JjN2M0YzAiOnsiY3JlYXRlIjo2MDAwMDAwMDAwMDAsImRlbGV0ZSI6OTAwMDAwMDAwMDAwfSwic2NoZW1hX3ZlcnNpb24iOiIxIn0=",
          "dependencies": [
            "aws_vpc.eks_vpc"
          ]
        }
      ]
    },
    {
      "mode": "managed",
      "type": "aws_subnet",
      "name": "eks_subnet_1",
      "provider": "provider[\"registry.terraform.io/hashicorp/aws\"]",
      "instances": [
        {
          "schema_version": 1,
          "attributes": {
            "arn": "arn:aws:ec2:us-east-1:905417999966:subnet/subnet-0182821952ce59997",
            "assign_ipv6_address_on_creation": false,
            "availability_zone": "us-east-1a",
            "availability_zone_id": "use1-az2",
            "cidr_block": "10.0.10.0/24",
            "customer_owned_ipv4_pool": "",
            "enable_dns64": false,
            "enable_lni_at_device_index": 0,
            "enable_resource_name_dns_a_record_on_launch": false,
            "enable_resource_name_dns_aaaa_record_on_launch": false,
            "id": "subnet-0182821952ce59997",
            "ipv6_cidr_block": "",
            "ipv6_cidr_block_association_id": "",
            "ipv6_native": false,
            "map_customer_owned_ip_on_launch": false,
            "map_public_ip_on_launch": true,
            "outpost_arn": "",
            "owner_id": "905417999966",
            "private_dns_hostname_type_on_launch": "ip-name",
            "tags": {
              "Name": "innovatech-subnet-1",
              "kubernetes.io/cluster/innovatech-cluster": "shared",
              "kubernetes.io/role/elb": "1"
            },
            "tags_all": {
              "Name": "innovatech-subnet-1",
              "kubernetes.io/cluster/innovatech-cluster": "shared",
              "kubernetes.io/role/elb": "1"
            },
            "timeouts": null,
            "vpc_id": "vpc-0aceed7833ba6aded"
          },
          "sensitive_attributes": [],
          "identity_schema_version": 0,
          "private": "eyJlMmJmYjczMC1lY2FhLTExZTYtOGY4OC0zNDM2M2JjN2M0YzAiOnsiY3JlYXRlIjo2MDAwMDAwMDAwMDAsImRlbGV0ZSI6MTIwMDAwMDAwMDAwMH0sInNjaGVtYV92ZXJzaW9uIjoiMSJ9",
          "dependencies": [
            "aws_vpc.eks_vpc"
          ]
        }
      ]
    },
    {
      "mode": "managed",
      "type": "aws_subnet",
      "name": "eks_subnet_2",
      "provider": "provider[\"registry.terraform.io/hashicorp/aws\"]",
      "instances": [
        {
          "schema_version": 1,
          "attributes": {
            "arn": "arn:aws:ec2:us-east-1:905417999966:subnet/subnet-0985c08ca559fb323",
            "assign_ipv6_address_on_creation": false,
            "availability_zone": "us-east-1b",
            "availability_zone_id": "use1-az4",
            "cidr_block": "10.0.20.0/24",
            "customer_owned_ipv4_pool": "",
            "enable_dns64": false,
            "enable_lni_at_device_index": 0,
            "enable_resource_name_dns_a_record_on_launch": false,
            "enable_resource_name_dns_aaaa_record_on_launch": false,
            "id": "subnet-0985c08ca559fb323",
            "ipv6_cidr_block": "",
            "ipv6_cidr_block_association_id": "",
            "ipv6_native": false,
            "map_customer_owned_ip_on_launch": false,
            "map_public_ip_on_launch": true,
            "outpost_arn": "",
            "owner_id": "905417999966",
            "private_dns_hostname_type_on_launch": "ip-name",
            "tags": {
              "Name": "innovatech-subnet-2",
              "kubernetes.io/cluster/innovatech-cluster": "shared",
              "kubernetes.io/role/elb": "1"
            },
            "tags_all": {
              "Name": "innovatech-subnet-2",
              "kubernetes.io/cluster/innovatech-cluster": "shared",
              "kubernetes.io/role/elb": "1"
            },
            "timeouts": null,
            "vpc_id": "vpc-0aceed7833ba6aded"
          },
          "sensitive_attributes": [],
          "identity_schema_version": 0,
          "private": "eyJlMmJmYjczMC1lY2FhLTExZTYtOGY4OC0zNDM2M2JjN2M0YzAiOnsiY3JlYXRlIjo2MDAwMDAwMDAwMDAsImRlbGV0ZSI6MTIwMDAwMDAwMDAwMH0sInNjaGVtYV92ZXJzaW9uIjoiMSJ9",
          "dependencies": [
            "aws_vpc.eks_vpc"
          ]
        }
      ]
    },
    {
      "mode": "managed",
      "type": "aws_vpc",
      "name": "eks_vpc",
      "provider": "provider[\"registry.terraform.io/hashicorp/aws\"]",
      "instances": [
        {
          "schema_version": 1,
          "attributes": {
            "arn": "arn:aws:ec2:us-east-1:905417999966:vpc/vpc-0aceed7833ba6aded",
            "assign_generated_ipv6_cidr_block": false,
            "cidr_block": "10.0.0.0/16",
            "default_network_acl_id": "acl-060680acd0661ee83",
            "default_route_table_id": "rtb-09b5f0041a4ee8e17",
            "default_security_group_id": "sg-057f145c743ab039a",
            "dhcp_options_id": "dopt-027610de592417833",
            "enable_dns_hostnames": true,
            "enable_dns_support": true,
            "enable_network_address_usage_metrics": false,
            "id": "vpc-0aceed7833ba6aded",
            "instance_tenancy": "default",
            "ipv4_ipam_pool_id": null,
            "ipv4_netmask_length": null,
            "ipv6_association_id": "",
            "ipv6_cidr_block": "",
            "ipv6_cidr_block_network_border_group": "",
            "ipv6_ipam_pool_id": "",
            "ipv6_netmask_length": 0,
            "main_route_table_id": "rtb-09b5f0041a4ee8e17",
            "owner_id": "905417999966",
            "tags": {
              "Name": "innovatech-vpc"
            },
            "tags_all": {
              "Name": "innovatech-vpc"
            }
          },
          "sensitive_attributes": [],
          "identity_schema_version": 0,
          "private": "eyJzY2hlbWFfdmVyc2lvbiI6IjEifQ=="
        }
      ]
    }
  ],
  "check_results": null
}
